// !$*UTF8*$!
{
	archiveVersion = 1;
	classes = {
	};
	objectVersion = 48;
	objects = {

/* Begin PBXBuildFile section */
		76AA88C82048796F004C51F8 /* EmailValidator.swift in Sources */ = {isa = PBXBuildFile; fileRef = 76AA88C72048796F004C51F8 /* EmailValidator.swift */; };
		76D6F03D2049BEA00004291F /* UIViewControllerExtension.swift in Sources */ = {isa = PBXBuildFile; fileRef = 76D6F03C2049BEA00004291F /* UIViewControllerExtension.swift */; };
		76D6F0402049BF050004291F /* ErrorViewModel.swift in Sources */ = {isa = PBXBuildFile; fileRef = 76D6F03F2049BF050004291F /* ErrorViewModel.swift */; };
		F456B1D02042DA3D00086468 /* UIColorExtension.swift in Sources */ = {isa = PBXBuildFile; fileRef = F456B1CF2042DA3D00086468 /* UIColorExtension.swift */; };
		F456B1D22042DBA600086468 /* UIButtonExtension.swift in Sources */ = {isa = PBXBuildFile; fileRef = F456B1D12042DBA600086468 /* UIButtonExtension.swift */; };
		F45E57BB20500B3C0098412C /* UIViewControllerContextTransitioningExtension.swift in Sources */ = {isa = PBXBuildFile; fileRef = F45E57BA20500B3C0098412C /* UIViewControllerContextTransitioningExtension.swift */; };
		F45E57C220500B700098412C /* RootViewController.swift in Sources */ = {isa = PBXBuildFile; fileRef = F45E57BE20500B700098412C /* RootViewController.swift */; };
		F45E57C320500B700098412C /* ChildViewControllerContextTransitioning.swift in Sources */ = {isa = PBXBuildFile; fileRef = F45E57BF20500B700098412C /* ChildViewControllerContextTransitioning.swift */; };
		F45E57C420500B700098412C /* ChildViewControllerSlideDownTransition.swift in Sources */ = {isa = PBXBuildFile; fileRef = F45E57C020500B700098412C /* ChildViewControllerSlideDownTransition.swift */; };
		F45E57C520500B700098412C /* ChildViewControllerSlideUpTransition.swift in Sources */ = {isa = PBXBuildFile; fileRef = F45E57C120500B700098412C /* ChildViewControllerSlideUpTransition.swift */; };
		F4851799204B2B5000811FCE /* UIAlertControllerExtension.swift in Sources */ = {isa = PBXBuildFile; fileRef = F4851798204B2B5000811FCE /* UIAlertControllerExtension.swift */; };
		F4F0A88D2040D0C300C52DBC /* HFKit.h in Headers */ = {isa = PBXBuildFile; fileRef = F4F0A88B2040D0C300C52DBC /* HFKit.h */; settings = {ATTRIBUTES = (Public, ); }; };
		F4F0A8972040D10800C52DBC /* KeyboardHideManager.swift in Sources */ = {isa = PBXBuildFile; fileRef = F4F0A8962040D10800C52DBC /* KeyboardHideManager.swift */; };
		F4F0A8A920423E6200C52DBC /* Validatable.swift in Sources */ = {isa = PBXBuildFile; fileRef = F4F0A8A820423E6200C52DBC /* Validatable.swift */; };
		F4F0A8AB20423EE700C52DBC /* Validator.swift in Sources */ = {isa = PBXBuildFile; fileRef = F4F0A8AA20423EE700C52DBC /* Validator.swift */; };
		F4F0A8B0204247F800C52DBC /* Presenting.swift in Sources */ = {isa = PBXBuildFile; fileRef = F4F0A8AF204247F800C52DBC /* Presenting.swift */; };
/* End PBXBuildFile section */

/* Begin PBXFileReference section */
		76AA88C72048796F004C51F8 /* EmailValidator.swift */ = {isa = PBXFileReference; fileEncoding = 4; lastKnownFileType = sourcecode.swift; path = EmailValidator.swift; sourceTree = "<group>"; };
		76D6F03C2049BEA00004291F /* UIViewControllerExtension.swift */ = {isa = PBXFileReference; fileEncoding = 4; lastKnownFileType = sourcecode.swift; path = UIViewControllerExtension.swift; sourceTree = "<group>"; };
		76D6F03F2049BF050004291F /* ErrorViewModel.swift */ = {isa = PBXFileReference; fileEncoding = 4; lastKnownFileType = sourcecode.swift; path = ErrorViewModel.swift; sourceTree = "<group>"; };
		F456B1CF2042DA3D00086468 /* UIColorExtension.swift */ = {isa = PBXFileReference; lastKnownFileType = sourcecode.swift; path = UIColorExtension.swift; sourceTree = "<group>"; };
		F456B1D12042DBA600086468 /* UIButtonExtension.swift */ = {isa = PBXFileReference; lastKnownFileType = sourcecode.swift; path = UIButtonExtension.swift; sourceTree = "<group>"; };
		F45E57BA20500B3C0098412C /* UIViewControllerContextTransitioningExtension.swift */ = {isa = PBXFileReference; fileEncoding = 4; lastKnownFileType = sourcecode.swift; path = UIViewControllerContextTransitioningExtension.swift; sourceTree = "<group>"; };
		F45E57BE20500B700098412C /* RootViewController.swift */ = {isa = PBXFileReference; fileEncoding = 4; lastKnownFileType = sourcecode.swift; path = RootViewController.swift; sourceTree = "<group>"; };
		F45E57BF20500B700098412C /* ChildViewControllerContextTransitioning.swift */ = {isa = PBXFileReference; fileEncoding = 4; lastKnownFileType = sourcecode.swift; path = ChildViewControllerContextTransitioning.swift; sourceTree = "<group>"; };
		F45E57C020500B700098412C /* ChildViewControllerSlideDownTransition.swift */ = {isa = PBXFileReference; fileEncoding = 4; lastKnownFileType = sourcecode.swift; path = ChildViewControllerSlideDownTransition.swift; sourceTree = "<group>"; };
		F45E57C120500B700098412C /* ChildViewControllerSlideUpTransition.swift */ = {isa = PBXFileReference; fileEncoding = 4; lastKnownFileType = sourcecode.swift; path = ChildViewControllerSlideUpTransition.swift; sourceTree = "<group>"; };
		F4851798204B2B5000811FCE /* UIAlertControllerExtension.swift */ = {isa = PBXFileReference; lastKnownFileType = sourcecode.swift; path = UIAlertControllerExtension.swift; sourceTree = "<group>"; };
		F4F0A8882040D0C300C52DBC /* HFKit.framework */ = {isa = PBXFileReference; explicitFileType = wrapper.framework; includeInIndex = 0; path = HFKit.framework; sourceTree = BUILT_PRODUCTS_DIR; };
		F4F0A88B2040D0C300C52DBC /* HFKit.h */ = {isa = PBXFileReference; lastKnownFileType = sourcecode.c.h; path = HFKit.h; sourceTree = "<group>"; };
		F4F0A88C2040D0C300C52DBC /* Info.plist */ = {isa = PBXFileReference; lastKnownFileType = text.plist.xml; path = Info.plist; sourceTree = "<group>"; };
		F4F0A8962040D10800C52DBC /* KeyboardHideManager.swift */ = {isa = PBXFileReference; fileEncoding = 4; lastKnownFileType = sourcecode.swift; path = KeyboardHideManager.swift; sourceTree = "<group>"; };
		F4F0A8A820423E6200C52DBC /* Validatable.swift */ = {isa = PBXFileReference; lastKnownFileType = sourcecode.swift; path = Validatable.swift; sourceTree = "<group>"; };
		F4F0A8AA20423EE700C52DBC /* Validator.swift */ = {isa = PBXFileReference; lastKnownFileType = sourcecode.swift; path = Validator.swift; sourceTree = "<group>"; };
		F4F0A8AF204247F800C52DBC /* Presenting.swift */ = {isa = PBXFileReference; lastKnownFileType = sourcecode.swift; path = Presenting.swift; sourceTree = "<group>"; };
/* End PBXFileReference section */

/* Begin PBXFrameworksBuildPhase section */
		F4F0A8842040D0C300C52DBC /* Frameworks */ = {
			isa = PBXFrameworksBuildPhase;
			buildActionMask = 2147483647;
			files = (
			);
			runOnlyForDeploymentPostprocessing = 0;
		};
/* End PBXFrameworksBuildPhase section */

/* Begin PBXGroup section */
		76D6F03E2049BEE80004291F /* Errors */ = {
			isa = PBXGroup;
			children = (
				76D6F03F2049BF050004291F /* ErrorViewModel.swift */,
			);
			path = Errors;
			sourceTree = "<group>";
		};
		F45E57BC20500B470098412C /* UI */ = {
			isa = PBXGroup;
			children = (
				F45E57BD20500B700098412C /* Root View Controller */,
			);
			path = UI;
			sourceTree = "<group>";
		};
		F45E57BD20500B700098412C /* Root View Controller */ = {
			isa = PBXGroup;
			children = (
				F45E57BE20500B700098412C /* RootViewController.swift */,
				F45E57BF20500B700098412C /* ChildViewControllerContextTransitioning.swift */,
				F45E57C020500B700098412C /* ChildViewControllerSlideDownTransition.swift */,
				F45E57C120500B700098412C /* ChildViewControllerSlideUpTransition.swift */,
			);
			path = "Root View Controller";
			sourceTree = "<group>";
		};
		F4F0A87E2040D0C300C52DBC = {
			isa = PBXGroup;
			children = (
				F4F0A88A2040D0C300C52DBC /* HFKit */,
				F4F0A8892040D0C300C52DBC /* Products */,
			);
			sourceTree = "<group>";
		};
		F4F0A8892040D0C300C52DBC /* Products */ = {
			isa = PBXGroup;
			children = (
				F4F0A8882040D0C300C52DBC /* HFKit.framework */,
			);
			name = Products;
			sourceTree = "<group>";
		};
		F4F0A88A2040D0C300C52DBC /* HFKit */ = {
			isa = PBXGroup;
			children = (
				F45E57BC20500B470098412C /* UI */,
				76D6F03E2049BEE80004291F /* Errors */,
				F4F0A8AE204247E200C52DBC /* Architecture */,
				F4F0A8A520423D4600C52DBC /* Validation */,
				F4F0A8942040D0D200C52DBC /* Extensions */,
				F4F0A8932040D0CC00C52DBC /* Libraries */,
				F4F0A88B2040D0C300C52DBC /* HFKit.h */,
				F4F0A88C2040D0C300C52DBC /* Info.plist */,
			);
			path = HFKit;
			sourceTree = "<group>";
		};
		F4F0A8932040D0CC00C52DBC /* Libraries */ = {
			isa = PBXGroup;
			children = (
				F4F0A8952040D10000C52DBC /* KeyboardHideManager */,
			);
			path = Libraries;
			sourceTree = "<group>";
		};
		F4F0A8942040D0D200C52DBC /* Extensions */ = {
			isa = PBXGroup;
			children = (
				F45E57BA20500B3C0098412C /* UIViewControllerContextTransitioningExtension.swift */,
				76D6F03C2049BEA00004291F /* UIViewControllerExtension.swift */,
				F456B1CF2042DA3D00086468 /* UIColorExtension.swift */,
				F456B1D12042DBA600086468 /* UIButtonExtension.swift */,
				F4851798204B2B5000811FCE /* UIAlertControllerExtension.swift */,
			);
			path = Extensions;
			sourceTree = "<group>";
		};
		F4F0A8952040D10000C52DBC /* KeyboardHideManager */ = {
			isa = PBXGroup;
			children = (
				F4F0A8962040D10800C52DBC /* KeyboardHideManager.swift */,
			);
			path = KeyboardHideManager;
			sourceTree = "<group>";
		};
		F4F0A8A520423D4600C52DBC /* Validation */ = {
			isa = PBXGroup;
			children = (
				F4F0A8A820423E6200C52DBC /* Validatable.swift */,
				F4F0A8AA20423EE700C52DBC /* Validator.swift */,
				76AA88C72048796F004C51F8 /* EmailValidator.swift */,
			);
			path = Validation;
			sourceTree = "<group>";
		};
		F4F0A8AE204247E200C52DBC /* Architecture */ = {
			isa = PBXGroup;
			children = (
				F4F0A8AF204247F800C52DBC /* Presenting.swift */,
			);
			path = Architecture;
			sourceTree = "<group>";
		};
/* End PBXGroup section */

/* Begin PBXHeadersBuildPhase section */
		F4F0A8852040D0C300C52DBC /* Headers */ = {
			isa = PBXHeadersBuildPhase;
			buildActionMask = 2147483647;
			files = (
				F4F0A88D2040D0C300C52DBC /* HFKit.h in Headers */,
			);
			runOnlyForDeploymentPostprocessing = 0;
		};
/* End PBXHeadersBuildPhase section */

/* Begin PBXNativeTarget section */
		F4F0A8872040D0C300C52DBC /* HFKit */ = {
			isa = PBXNativeTarget;
			buildConfigurationList = F4F0A8902040D0C300C52DBC /* Build configuration list for PBXNativeTarget "HFKit" */;
			buildPhases = (
				F4F0A8832040D0C300C52DBC /* Sources */,
				F4F0A8842040D0C300C52DBC /* Frameworks */,
				F4F0A8852040D0C300C52DBC /* Headers */,
				F4F0A8862040D0C300C52DBC /* Resources */,
			);
			buildRules = (
			);
			dependencies = (
			);
			name = HFKit;
			productName = HFKit;
			productReference = F4F0A8882040D0C300C52DBC /* HFKit.framework */;
			productType = "com.apple.product-type.framework";
		};
/* End PBXNativeTarget section */

/* Begin PBXProject section */
		F4F0A87F2040D0C300C52DBC /* Project object */ = {
			isa = PBXProject;
			attributes = {
				LastUpgradeCheck = 0920;
				ORGANIZATIONNAME = "Hidden Founders";
				TargetAttributes = {
					F4F0A8872040D0C300C52DBC = {
						CreatedOnToolsVersion = 9.2;
						ProvisioningStyle = Automatic;
					};
				};
			};
			buildConfigurationList = F4F0A8822040D0C300C52DBC /* Build configuration list for PBXProject "HFKit" */;
			compatibilityVersion = "Xcode 8.0";
			developmentRegion = en;
			hasScannedForEncodings = 0;
			knownRegions = (
				en,
			);
			mainGroup = F4F0A87E2040D0C300C52DBC;
			productRefGroup = F4F0A8892040D0C300C52DBC /* Products */;
			projectDirPath = "";
			projectRoot = "";
			targets = (
				F4F0A8872040D0C300C52DBC /* HFKit */,
			);
		};
/* End PBXProject section */

/* Begin PBXResourcesBuildPhase section */
		F4F0A8862040D0C300C52DBC /* Resources */ = {
			isa = PBXResourcesBuildPhase;
			buildActionMask = 2147483647;
			files = (
			);
			runOnlyForDeploymentPostprocessing = 0;
		};
/* End PBXResourcesBuildPhase section */

/* Begin PBXSourcesBuildPhase section */
		F4F0A8832040D0C300C52DBC /* Sources */ = {
			isa = PBXSourcesBuildPhase;
			buildActionMask = 2147483647;
			files = (
				76D6F0402049BF050004291F /* ErrorViewModel.swift in Sources */,
				F4F0A8972040D10800C52DBC /* KeyboardHideManager.swift in Sources */,
				F45E57C220500B700098412C /* RootViewController.swift in Sources */,
				F45E57C320500B700098412C /* ChildViewControllerContextTransitioning.swift in Sources */,
				F45E57BB20500B3C0098412C /* UIViewControllerContextTransitioningExtension.swift in Sources */,
				F45E57C520500B700098412C /* ChildViewControllerSlideUpTransition.swift in Sources */,
				76AA88C82048796F004C51F8 /* EmailValidator.swift in Sources */,
				F4F0A8AB20423EE700C52DBC /* Validator.swift in Sources */,
				F4851799204B2B5000811FCE /* UIAlertControllerExtension.swift in Sources */,
				F4F0A8B0204247F800C52DBC /* Presenting.swift in Sources */,
				76D6F03D2049BEA00004291F /* UIViewControllerExtension.swift in Sources */,
				F456B1D22042DBA600086468 /* UIButtonExtension.swift in Sources */,
				F4F0A8A920423E6200C52DBC /* Validatable.swift in Sources */,
				F45E57C420500B700098412C /* ChildViewControllerSlideDownTransition.swift in Sources */,
				F456B1D02042DA3D00086468 /* UIColorExtension.swift in Sources */,
			);
			runOnlyForDeploymentPostprocessing = 0;
		};
/* End PBXSourcesBuildPhase section */

/* Begin XCBuildConfiguration section */
		F4F0A88E2040D0C300C52DBC /* Debug */ = {
			isa = XCBuildConfiguration;
			buildSettings = {
				ALWAYS_SEARCH_USER_PATHS = NO;
				CLANG_ANALYZER_NONNULL = YES;
				CLANG_ANALYZER_NUMBER_OBJECT_CONVERSION = YES_AGGRESSIVE;
				CLANG_CXX_LANGUAGE_STANDARD = "gnu++14";
				CLANG_CXX_LIBRARY = "libc++";
				CLANG_ENABLE_MODULES = YES;
				CLANG_ENABLE_OBJC_ARC = YES;
				CLANG_WARN_BLOCK_CAPTURE_AUTORELEASING = YES;
				CLANG_WARN_BOOL_CONVERSION = YES;
				CLANG_WARN_COMMA = YES;
				CLANG_WARN_CONSTANT_CONVERSION = YES;
				CLANG_WARN_DIRECT_OBJC_ISA_USAGE = YES_ERROR;
				CLANG_WARN_DOCUMENTATION_COMMENTS = YES;
				CLANG_WARN_EMPTY_BODY = YES;
				CLANG_WARN_ENUM_CONVERSION = YES;
				CLANG_WARN_INFINITE_RECURSION = YES;
				CLANG_WARN_INT_CONVERSION = YES;
				CLANG_WARN_NON_LITERAL_NULL_CONVERSION = YES;
				CLANG_WARN_OBJC_LITERAL_CONVERSION = YES;
				CLANG_WARN_OBJC_ROOT_CLASS = YES_ERROR;
				CLANG_WARN_RANGE_LOOP_ANALYSIS = YES;
				CLANG_WARN_STRICT_PROTOTYPES = YES;
				CLANG_WARN_SUSPICIOUS_MOVE = YES;
				CLANG_WARN_UNGUARDED_AVAILABILITY = YES_AGGRESSIVE;
				CLANG_WARN_UNREACHABLE_CODE = YES;
				CLANG_WARN__DUPLICATE_METHOD_MATCH = YES;
				CODE_SIGN_IDENTITY = "iPhone Developer";
				COPY_PHASE_STRIP = NO;
				CURRENT_PROJECT_VERSION = 1;
				DEBUG_INFORMATION_FORMAT = dwarf;
				ENABLE_STRICT_OBJC_MSGSEND = YES;
				ENABLE_TESTABILITY = YES;
				GCC_C_LANGUAGE_STANDARD = gnu11;
				GCC_DYNAMIC_NO_PIC = NO;
				GCC_NO_COMMON_BLOCKS = YES;
				GCC_OPTIMIZATION_LEVEL = 0;
				GCC_PREPROCESSOR_DEFINITIONS = (
					"DEBUG=1",
					"$(inherited)",
				);
				GCC_WARN_64_TO_32_BIT_CONVERSION = YES;
				GCC_WARN_ABOUT_RETURN_TYPE = YES_ERROR;
				GCC_WARN_UNDECLARED_SELECTOR = YES;
				GCC_WARN_UNINITIALIZED_AUTOS = YES_AGGRESSIVE;
				GCC_WARN_UNUSED_FUNCTION = YES;
				GCC_WARN_UNUSED_VARIABLE = YES;
				IPHONEOS_DEPLOYMENT_TARGET = 11.2;
				MTL_ENABLE_DEBUG_INFO = YES;
				ONLY_ACTIVE_ARCH = YES;
				SDKROOT = iphoneos;
				SWIFT_ACTIVE_COMPILATION_CONDITIONS = DEBUG;
				SWIFT_OPTIMIZATION_LEVEL = "-Onone";
				VERSIONING_SYSTEM = "apple-generic";
				VERSION_INFO_PREFIX = "";
			};
			name = Debug;
		};
		F4F0A88F2040D0C300C52DBC /* Release */ = {
			isa = XCBuildConfiguration;
			buildSettings = {
				ALWAYS_SEARCH_USER_PATHS = NO;
				CLANG_ANALYZER_NONNULL = YES;
				CLANG_ANALYZER_NUMBER_OBJECT_CONVERSION = YES_AGGRESSIVE;
				CLANG_CXX_LANGUAGE_STANDARD = "gnu++14";
				CLANG_CXX_LIBRARY = "libc++";
				CLANG_ENABLE_MODULES = YES;
				CLANG_ENABLE_OBJC_ARC = YES;
				CLANG_WARN_BLOCK_CAPTURE_AUTORELEASING = YES;
				CLANG_WARN_BOOL_CONVERSION = YES;
				CLANG_WARN_COMMA = YES;
				CLANG_WARN_CONSTANT_CONVERSION = YES;
				CLANG_WARN_DIRECT_OBJC_ISA_USAGE = YES_ERROR;
				CLANG_WARN_DOCUMENTATION_COMMENTS = YES;
				CLANG_WARN_EMPTY_BODY = YES;
				CLANG_WARN_ENUM_CONVERSION = YES;
				CLANG_WARN_INFINITE_RECURSION = YES;
				CLANG_WARN_INT_CONVERSION = YES;
				CLANG_WARN_NON_LITERAL_NULL_CONVERSION = YES;
				CLANG_WARN_OBJC_LITERAL_CONVERSION = YES;
				CLANG_WARN_OBJC_ROOT_CLASS = YES_ERROR;
				CLANG_WARN_RANGE_LOOP_ANALYSIS = YES;
				CLANG_WARN_STRICT_PROTOTYPES = YES;
				CLANG_WARN_SUSPICIOUS_MOVE = YES;
				CLANG_WARN_UNGUARDED_AVAILABILITY = YES_AGGRESSIVE;
				CLANG_WARN_UNREACHABLE_CODE = YES;
				CLANG_WARN__DUPLICATE_METHOD_MATCH = YES;
				CODE_SIGN_IDENTITY = "iPhone Developer";
				COPY_PHASE_STRIP = NO;
				CURRENT_PROJECT_VERSION = 1;
				DEBUG_INFORMATION_FORMAT = "dwarf-with-dsym";
				ENABLE_NS_ASSERTIONS = NO;
				ENABLE_STRICT_OBJC_MSGSEND = YES;
				GCC_C_LANGUAGE_STANDARD = gnu11;
				GCC_NO_COMMON_BLOCKS = YES;
				GCC_WARN_64_TO_32_BIT_CONVERSION = YES;
				GCC_WARN_ABOUT_RETURN_TYPE = YES_ERROR;
				GCC_WARN_UNDECLARED_SELECTOR = YES;
				GCC_WARN_UNINITIALIZED_AUTOS = YES_AGGRESSIVE;
				GCC_WARN_UNUSED_FUNCTION = YES;
				GCC_WARN_UNUSED_VARIABLE = YES;
				IPHONEOS_DEPLOYMENT_TARGET = 11.2;
				MTL_ENABLE_DEBUG_INFO = NO;
				SDKROOT = iphoneos;
				SWIFT_OPTIMIZATION_LEVEL = "-Owholemodule";
				VALIDATE_PRODUCT = YES;
				VERSIONING_SYSTEM = "apple-generic";
				VERSION_INFO_PREFIX = "";
			};
			name = Release;
		};
		F4F0A8912040D0C300C52DBC /* Debug */ = {
			isa = XCBuildConfiguration;
			buildSettings = {
				CODE_SIGN_IDENTITY = "";
				CODE_SIGN_STYLE = Automatic;
				DEFINES_MODULE = YES;
				DEVELOPMENT_TEAM = 2657X7TUJK;
				DYLIB_COMPATIBILITY_VERSION = 1;
				DYLIB_CURRENT_VERSION = 1;
				DYLIB_INSTALL_NAME_BASE = "@rpath";
				INFOPLIST_FILE = HFKit/Info.plist;
				INSTALL_PATH = "$(LOCAL_LIBRARY_DIR)/Frameworks";
				IPHONEOS_DEPLOYMENT_TARGET = 10.0;
				LD_RUNPATH_SEARCH_PATHS = "$(inherited) @executable_path/Frameworks @loader_path/Frameworks";
				PRODUCT_BUNDLE_IDENTIFIER = com.tools.hiddenfounders.HFKit;
				PRODUCT_NAME = "$(TARGET_NAME:c99extidentifier)";
				SKIP_INSTALL = YES;
				SWIFT_VERSION = 4.0;
				TARGETED_DEVICE_FAMILY = "1,2";
			};
			name = Debug;
		};
		F4F0A8922040D0C300C52DBC /* Release */ = {
			isa = XCBuildConfiguration;
			buildSettings = {
				CODE_SIGN_IDENTITY = "";
				CODE_SIGN_STYLE = Automatic;
				DEFINES_MODULE = YES;
				DEVELOPMENT_TEAM = 2657X7TUJK;
				DYLIB_COMPATIBILITY_VERSION = 1;
				DYLIB_CURRENT_VERSION = 1;
				DYLIB_INSTALL_NAME_BASE = "@rpath";
				INFOPLIST_FILE = HFKit/Info.plist;
				INSTALL_PATH = "$(LOCAL_LIBRARY_DIR)/Frameworks";
				IPHONEOS_DEPLOYMENT_TARGET = 10.0;
				LD_RUNPATH_SEARCH_PATHS = "$(inherited) @executable_path/Frameworks @loader_path/Frameworks";
				PRODUCT_BUNDLE_IDENTIFIER = com.tools.hiddenfounders.HFKit;
				PRODUCT_NAME = "$(TARGET_NAME:c99extidentifier)";
				SKIP_INSTALL = YES;
				SWIFT_VERSION = 4.0;
				TARGETED_DEVICE_FAMILY = "1,2";
			};
			name = Release;
		};
/* End XCBuildConfiguration section */

/* Begin XCConfigurationList section */
		F4F0A8822040D0C300C52DBC /* Build configuration list for PBXProject "HFKit" */ = {
			isa = XCConfigurationList;
			buildConfigurations = (
				F4F0A88E2040D0C300C52DBC /* Debug */,
				F4F0A88F2040D0C300C52DBC /* Release */,
			);
			defaultConfigurationIsVisible = 0;
			defaultConfigurationName = Release;
		};
		F4F0A8902040D0C300C52DBC /* Build configuration list for PBXNativeTarget "HFKit" */ = {
			isa = XCConfigurationList;
			buildConfigurations = (
				F4F0A8912040D0C300C52DBC /* Debug */,
				F4F0A8922040D0C300C52DBC /* Release */,
			);
			defaultConfigurationIsVisible = 0;
			defaultConfigurationName = Release;
		};
/* End XCConfigurationList section */
	};
	rootObject = F4F0A87F2040D0C300C52DBC /* Project object */;
}
